# This file is automatically @generated by Cargo.
# It is not intended for manual editing.
version = 4

[[package]]
name = "wm-cli"
version = "0.0.0"
dependencies = [
 "wm-core",
]

[[package]]
name = "wm-core"
version = "0.0.0"

[[package]]
name = "wm-host"
version = "0.0.0"
dependencies = [
 "wm-core",
]

[[package]]
name = "wm-mcp"
version = "0.0.0"
dependencies = [
 "wm-core",
]
